<?xml version="1.0" encoding="UTF-8" standalone="yes" ?>
<CodeBlocks_project_file>
	<FileVersion major="1" minor="6" />
	<Project>
		<Option title="asidviewer" />
		<Option pch_mode="2" />
		<Option compiler="gcc" />
		<Build>
			<Target title="Release">
				<Option output="bin/Release/libasidviewer" prefix_auto="1" extension_auto="1" />
				<Option object_output="obj/Release/" />
				<Option type="3" />
				<Option compiler="gcc" />
				<Option createDefFile="1" />
				<Option createStaticLib="1" />
				<Compiler>
					<Add option="-O2" />
					<Add option="-DTARGET_I386" />
					<Add directory="/home/darryl/Documents/panda/panda-master/panda/scripts/panda/panda/include" />
					<Add directory="/home/darryl/Documents/panda/panda-master/panda/scripts/panda" />
					<Add directory="/home/darryl/Documents/panda/panda-master/panda/scripts/panda/include" />
					<Add directory="/home/darryl/Documents/panda/panda-master/panda/scripts/panda/build" />
					<Add directory="/home/darryl/Documents/panda/panda-master/panda/scripts/panda/build/i386-softmmu" />
					<Add directory="/home/darryl/Documents/panda/panda-master/panda/scripts/panda/build/i386-softmmu/panda/plugins" />
					<Add directory="/home/darryl/Documents/panda/panda-master/panda/scripts/panda/target/i386" />
					<Add directory="/home/darryl/Documents/panda/panda-master/panda/scripts/panda/tcg/i386" />
					<Add directory="/home/darryl/Documents/panda/panda-master/panda/scripts/panda/panda/plugins" />
				</Compiler>
				<Linker>
					<Add option="-s" />
				</Linker>
			</Target>
		</Build>
		<Compiler>
			<Add option="-Wall" />
			<Add option="-fexceptions" />
			<Add option="-DTARGET_I386" />
		</Compiler>
		<Unit filename="main.cpp" />
		<Unit filename="osi_process.h" />
		<Unit filename="rootkit_detector_eprocess.cpp" />
		<Unit filename="winxphdr.h" />
		<Extensions>
			<code_completion />
			<debugger />
		</Extensions>
	</Project>
</CodeBlocks_project_file>
